
Microsoft Visual Studio Solution File, Format Version 12.00
# Visual Studio 15
VisualStudioVersion = 15.0.26730.16
MinimumVisualStudioVersion = 10.0.40219.1
Project("{FAE04EC0-301F-11D3-BF4B-00C04F79EFBC}") = "Shack1.UI", "Shack1.UI\Shack1.UI.csproj", "{CAFF0927-01B8-44AD-A561-4BC445FFF930}"
EndProject
Project("{FAE04EC0-301F-11D3-BF4B-00C04F79EFBC}") = "Models", "Models\Models.csproj", "{84567959-8A69-4D88-9438-40D098AD0E3C}"
EndProject
Project("{FAE04EC0-301F-11D3-BF4B-00C04F79EFBC}") = "Data", "Data\Data.csproj", "{536ED6E4-F745-4488-8E51-2F68BFB59781}"
EndProject
Project("{FAE04EC0-301F-11D3-BF4B-00C04F79EFBC}") = "Tests", "Tests\Tests.csproj", "{B0CAA031-7914-419C-A21A-A0042E185C80}"
EndProject
Global
	GlobalSection(SolutionConfigurationPlatforms) = preSolution
		Debug|Any CPU = Debug|Any CPU
		Release|Any CPU = Release|Any CPU
	EndGlobalSection
	GlobalSection(ProjectConfigurationPlatforms) = postSolution
		{CAFF0927-01B8-44AD-A561-4BC445FFF930}.Debug|Any CPU.ActiveCfg = Debug|Any CPU
		{CAFF0927-01B8-44AD-A561-4BC445FFF930}.Debug|Any CPU.Build.0 = Debug|Any CPU
		{CAFF0927-01B8-44AD-A561-4BC445FFF930}.Release|Any CPU.ActiveCfg = Release|Any CPU
		{CAFF0927-01B8-44AD-A561-4BC445FFF930}.Release|Any CPU.Build.0 = Release|Any CPU
		{84567959-8A69-4D88-9438-40D098AD0E3C}.Debug|Any CPU.ActiveCfg = Debug|Any CPU
		{84567959-8A69-4D88-9438-40D098AD0E3C}.Debug|Any CPU.Build.0 = Debug|Any CPU
		{84567959-8A69-4D88-9438-40D098AD0E3C}.Release|Any CPU.ActiveCfg = Release|Any CPU
		{84567959-8A69-4D88-9438-40D098AD0E3C}.Release|Any CPU.Build.0 = Release|Any CPU
		{536ED6E4-F745-4488-8E51-2F68BFB59781}.Debug|Any CPU.ActiveCfg = Debug|Any CPU
		{536ED6E4-F745-4488-8E51-2F68BFB59781}.Debug|Any CPU.Build.0 = Debug|Any CPU
		{536ED6E4-F745-4488-8E51-2F68BFB59781}.Release|Any CPU.ActiveCfg = Release|Any CPU
		{536ED6E4-F745-4488-8E51-2F68BFB59781}.Release|Any CPU.Build.0 = Release|Any CPU
		{B0CAA031-7914-419C-A21A-A0042E185C80}.Debug|Any CPU.ActiveCfg = Debug|Any CPU
		{B0CAA031-7914-419C-A21A-A0042E185C80}.Debug|Any CPU.Build.0 = Debug|Any CPU
		{B0CAA031-7914-419C-A21A-A0042E185C80}.Release|Any CPU.ActiveCfg = Release|Any CPU
		{B0CAA031-7914-419C-A21A-A0042E185C80}.Release|Any CPU.Build.0 = Release|Any CPU
	EndGlobalSection
	GlobalSection(SolutionProperties) = preSolution
		HideSolutionNode = FALSE
	EndGlobalSection
	GlobalSection(ExtensibilityGlobals) = postSolution
		SolutionGuid = {5203536D-C3F1-4EAD-B5AE-044C2B5107F2}
	EndGlobalSection
EndGlobal
