
Microsoft Visual Studio Solution File, Format Version 12.00
# Visual Studio 15
VisualStudioVersion = 15.0.26730.16
MinimumVisualStudioVersion = 10.0.40219.1
Project("{FAE04EC0-301F-11D3-BF4B-00C04F79EFBC}") = "StudentMgtSystemADO", "StudentMgtSystemADO\StudentMgtSystemADO.csproj", "{C89D6487-9EF8-4286-9081-7E106FFBBC4E}"
EndProject
Project("{FAE04EC0-301F-11D3-BF4B-00C04F79EFBC}") = "Helpers", "Helpers\Helpers.csproj", "{7F788493-0010-45FF-B438-9454D72A7D76}"
EndProject
Project("{FAE04EC0-301F-11D3-BF4B-00C04F79EFBC}") = "Models", "Models\Models.csproj", "{7197B362-A9FA-4602-B727-EDCE8872FD60}"
EndProject
Project("{FAE04EC0-301F-11D3-BF4B-00C04F79EFBC}") = "Workflows", "Workflows\Workflows.csproj", "{38BC8E06-DF3B-4551-949A-A33347352B33}"
EndProject
Project("{FAE04EC0-301F-11D3-BF4B-00C04F79EFBC}") = "Data", "Data\Data.csproj", "{63BC42F2-71AB-4359-B712-AF2982EF2DC0}"
EndProject
Global
	GlobalSection(SolutionConfigurationPlatforms) = preSolution
		Debug|Any CPU = Debug|Any CPU
		Release|Any CPU = Release|Any CPU
	EndGlobalSection
	GlobalSection(ProjectConfigurationPlatforms) = postSolution
		{C89D6487-9EF8-4286-9081-7E106FFBBC4E}.Debug|Any CPU.ActiveCfg = Debug|Any CPU
		{C89D6487-9EF8-4286-9081-7E106FFBBC4E}.Debug|Any CPU.Build.0 = Debug|Any CPU
		{C89D6487-9EF8-4286-9081-7E106FFBBC4E}.Release|Any CPU.ActiveCfg = Release|Any CPU
		{C89D6487-9EF8-4286-9081-7E106FFBBC4E}.Release|Any CPU.Build.0 = Release|Any CPU
		{7F788493-0010-45FF-B438-9454D72A7D76}.Debug|Any CPU.ActiveCfg = Debug|Any CPU
		{7F788493-0010-45FF-B438-9454D72A7D76}.Debug|Any CPU.Build.0 = Debug|Any CPU
		{7F788493-0010-45FF-B438-9454D72A7D76}.Release|Any CPU.ActiveCfg = Release|Any CPU
		{7F788493-0010-45FF-B438-9454D72A7D76}.Release|Any CPU.Build.0 = Release|Any CPU
		{7197B362-A9FA-4602-B727-EDCE8872FD60}.Debug|Any CPU.ActiveCfg = Debug|Any CPU
		{7197B362-A9FA-4602-B727-EDCE8872FD60}.Debug|Any CPU.Build.0 = Debug|Any CPU
		{7197B362-A9FA-4602-B727-EDCE8872FD60}.Release|Any CPU.ActiveCfg = Release|Any CPU
		{7197B362-A9FA-4602-B727-EDCE8872FD60}.Release|Any CPU.Build.0 = Release|Any CPU
		{38BC8E06-DF3B-4551-949A-A33347352B33}.Debug|Any CPU.ActiveCfg = Debug|Any CPU
		{38BC8E06-DF3B-4551-949A-A33347352B33}.Debug|Any CPU.Build.0 = Debug|Any CPU
		{38BC8E06-DF3B-4551-949A-A33347352B33}.Release|Any CPU.ActiveCfg = Release|Any CPU
		{38BC8E06-DF3B-4551-949A-A33347352B33}.Release|Any CPU.Build.0 = Release|Any CPU
		{63BC42F2-71AB-4359-B712-AF2982EF2DC0}.Debug|Any CPU.ActiveCfg = Debug|Any CPU
		{63BC42F2-71AB-4359-B712-AF2982EF2DC0}.Debug|Any CPU.Build.0 = Debug|Any CPU
		{63BC42F2-71AB-4359-B712-AF2982EF2DC0}.Release|Any CPU.ActiveCfg = Release|Any CPU
		{63BC42F2-71AB-4359-B712-AF2982EF2DC0}.Release|Any CPU.Build.0 = Release|Any CPU
	EndGlobalSection
	GlobalSection(SolutionProperties) = preSolution
		HideSolutionNode = FALSE
	EndGlobalSection
	GlobalSection(ExtensibilityGlobals) = postSolution
		SolutionGuid = {E35D2D6B-7403-404F-BC96-E862C73253F0}
	EndGlobalSection
EndGlobal
